// !$*UTF8*$!
{
	archiveVersion = 1;
	classes = {
	};
	objectVersion = 55;
	objects = {

/* Begin PBXBuildFile section */
		1340CFFC2772E01C000104B0 /* AppDelegate.swift in Sources */ = {isa = PBXBuildFile; fileRef = 1340CFFB2772E01C000104B0 /* AppDelegate.swift */; };
		1340D0052772E01E000104B0 /* Assets.xcassets in Resources */ = {isa = PBXBuildFile; fileRef = 1340D0042772E01E000104B0 /* Assets.xcassets */; };
		1340D0082772E01E000104B0 /* LaunchScreen.storyboard in Resources */ = {isa = PBXBuildFile; fileRef = 1340D0062772E01E000104B0 /* LaunchScreen.storyboard */; };
		1340D0112772E4C0000104B0 /* ModernRIBs in Frameworks */ = {isa = PBXBuildFile; productRef = 1340D0102772E4C0000104B0 /* ModernRIBs */; };
		1340D0142772E905000104B0 /* AppComponent.swift in Sources */ = {isa = PBXBuildFile; fileRef = 1340D0132772E905000104B0 /* AppComponent.swift */; };
		1340D0192772E994000104B0 /* AppRootRouter.swift in Sources */ = {isa = PBXBuildFile; fileRef = 1340D0162772E994000104B0 /* AppRootRouter.swift */; };
		1340D01A2772E994000104B0 /* AppRootBuilder.swift in Sources */ = {isa = PBXBuildFile; fileRef = 1340D0172772E994000104B0 /* AppRootBuilder.swift */; };
		1340D01B2772E994000104B0 /* AppRootInteractor.swift in Sources */ = {isa = PBXBuildFile; fileRef = 1340D0182772E994000104B0 /* AppRootInteractor.swift */; };
		1340D01D2772EC1C000104B0 /* AppRootTabBarController.swift in Sources */ = {isa = PBXBuildFile; fileRef = 1340D01C2772EC1C000104B0 /* AppRootTabBarController.swift */; };
		1340D0202772F20D000104B0 /* URLHandler.swift in Sources */ = {isa = PBXBuildFile; fileRef = 1340D01F2772F20D000104B0 /* URLHandler.swift */; };
		1340D026277303FD000104B0 /* AppHomeRouter.swift in Sources */ = {isa = PBXBuildFile; fileRef = 1340D022277303FD000104B0 /* AppHomeRouter.swift */; };
		1340D027277303FD000104B0 /* AppHomeViewController.swift in Sources */ = {isa = PBXBuildFile; fileRef = 1340D023277303FD000104B0 /* AppHomeViewController.swift */; };
		1340D028277303FD000104B0 /* AppHomeBuilder.swift in Sources */ = {isa = PBXBuildFile; fileRef = 1340D024277303FD000104B0 /* AppHomeBuilder.swift */; };
		1340D029277303FD000104B0 /* AppHomeInteractor.swift in Sources */ = {isa = PBXBuildFile; fileRef = 1340D025277303FD000104B0 /* AppHomeInteractor.swift */; };
		1340D02B2773067E000104B0 /* NavigationControllable.swift in Sources */ = {isa = PBXBuildFile; fileRef = 1340D02A2773067E000104B0 /* NavigationControllable.swift */; };
		1340D02E27730A28000104B0 /* HomeWidgetView.swift in Sources */ = {isa = PBXBuildFile; fileRef = 1340D02D27730A28000104B0 /* HomeWidgetView.swift */; };
		1340D03127730A4E000104B0 /* HomeWidgetModel.swift in Sources */ = {isa = PBXBuildFile; fileRef = 1340D03027730A4E000104B0 /* HomeWidgetModel.swift */; };
		1340D03A2773FF57000104B0 /* FinanceHomeRouter.swift in Sources */ = {isa = PBXBuildFile; fileRef = 1340D0362773FF57000104B0 /* FinanceHomeRouter.swift */; };
		1340D03B2773FF57000104B0 /* FinanceHomeViewController.swift in Sources */ = {isa = PBXBuildFile; fileRef = 1340D0372773FF57000104B0 /* FinanceHomeViewController.swift */; };
		1340D03C2773FF57000104B0 /* FinanceHomeBuilder.swift in Sources */ = {isa = PBXBuildFile; fileRef = 1340D0382773FF57000104B0 /* FinanceHomeBuilder.swift */; };
		1340D03D2773FF57000104B0 /* FinanceHomeInteractor.swift in Sources */ = {isa = PBXBuildFile; fileRef = 1340D0392773FF57000104B0 /* FinanceHomeInteractor.swift */; };
		1340D0432774054A000104B0 /* SuperPayDashboardRouter.swift in Sources */ = {isa = PBXBuildFile; fileRef = 1340D03F2774054A000104B0 /* SuperPayDashboardRouter.swift */; };
		1340D0442774054A000104B0 /* SuperPayDashboardViewController.swift in Sources */ = {isa = PBXBuildFile; fileRef = 1340D0402774054A000104B0 /* SuperPayDashboardViewController.swift */; };
		1340D0452774054A000104B0 /* SuperPayDashboardBuilder.swift in Sources */ = {isa = PBXBuildFile; fileRef = 1340D0412774054A000104B0 /* SuperPayDashboardBuilder.swift */; };
		1340D0462774054A000104B0 /* SuperPayDashboardInteractor.swift in Sources */ = {isa = PBXBuildFile; fileRef = 1340D0422774054A000104B0 /* SuperPayDashboardInteractor.swift */; };
		1340D04927744985000104B0 /* UIView+Extension.swift in Sources */ = {isa = PBXBuildFile; fileRef = 1340D04827744985000104B0 /* UIView+Extension.swift */; };
		1340D04C27744BAA000104B0 /* CombineExt in Frameworks */ = {isa = PBXBuildFile; productRef = 1340D04B27744BAA000104B0 /* CombineExt */; };
		1340D04E27744BC8000104B0 /* Combine+Extension.swift in Sources */ = {isa = PBXBuildFile; fileRef = 1340D04D27744BC8000104B0 /* Combine+Extension.swift */; };
		1340D050277466F9000104B0 /* Formatter.swift in Sources */ = {isa = PBXBuildFile; fileRef = 1340D04F277466F9000104B0 /* Formatter.swift */; };
		1340D05627754E09000104B0 /* CardOnFileDashboardRouter.swift in Sources */ = {isa = PBXBuildFile; fileRef = 1340D05227754E09000104B0 /* CardOnFileDashboardRouter.swift */; };
		1340D05727754E09000104B0 /* CardOnFileDashboardViewController.swift in Sources */ = {isa = PBXBuildFile; fileRef = 1340D05327754E09000104B0 /* CardOnFileDashboardViewController.swift */; };
		1340D05827754E09000104B0 /* CardOnFileDashboardBuilder.swift in Sources */ = {isa = PBXBuildFile; fileRef = 1340D05427754E09000104B0 /* CardOnFileDashboardBuilder.swift */; };
		1340D05927754E09000104B0 /* CardOnFileDashboardInteractor.swift in Sources */ = {isa = PBXBuildFile; fileRef = 1340D05527754E09000104B0 /* CardOnFileDashboardInteractor.swift */; };
		1340D05D27755168000104B0 /* AddPaymentButton.swift in Sources */ = {isa = PBXBuildFile; fileRef = 1340D05C27755168000104B0 /* AddPaymentButton.swift */; };
		1340D05F27755491000104B0 /* PaymentView.swift in Sources */ = {isa = PBXBuildFile; fileRef = 1340D05E27755491000104B0 /* PaymentView.swift */; };
		1340D06827755FBE000104B0 /* UIColor+Extension.swift in Sources */ = {isa = PBXBuildFile; fileRef = 1340D06727755FBE000104B0 /* UIColor+Extension.swift */; };
		1340D06D27795136000104B0 /* TopupRouter.swift in Sources */ = {isa = PBXBuildFile; fileRef = 1340D06A27795136000104B0 /* TopupRouter.swift */; };
		1340D06E27795136000104B0 /* TopupBuilder.swift in Sources */ = {isa = PBXBuildFile; fileRef = 1340D06B27795136000104B0 /* TopupBuilder.swift */; };
		1340D06F27795136000104B0 /* TopupInteractor.swift in Sources */ = {isa = PBXBuildFile; fileRef = 1340D06C27795136000104B0 /* TopupInteractor.swift */; };
		1340D07627797BFF000104B0 /* EnterAmountRouter.swift in Sources */ = {isa = PBXBuildFile; fileRef = 1340D07227797BFF000104B0 /* EnterAmountRouter.swift */; };
		1340D07727797BFF000104B0 /* EnterAmountViewController.swift in Sources */ = {isa = PBXBuildFile; fileRef = 1340D07327797BFF000104B0 /* EnterAmountViewController.swift */; };
		1340D07827797BFF000104B0 /* EnterAmountBuilder.swift in Sources */ = {isa = PBXBuildFile; fileRef = 1340D07427797BFF000104B0 /* EnterAmountBuilder.swift */; };
		1340D07927797BFF000104B0 /* EnterAmountInteractor.swift in Sources */ = {isa = PBXBuildFile; fileRef = 1340D07527797BFF000104B0 /* EnterAmountInteractor.swift */; };
		1340D07D27797E2F000104B0 /* SelectedPaymentMethodView.swift in Sources */ = {isa = PBXBuildFile; fileRef = 1340D07B27797E2F000104B0 /* SelectedPaymentMethodView.swift */; };
		1340D07E27797E2F000104B0 /* EnterAmountWidget.swift in Sources */ = {isa = PBXBuildFile; fileRef = 1340D07C27797E2F000104B0 /* EnterAmountWidget.swift */; };
		1340D080277980BE000104B0 /* UIViewController+Extension.swift in Sources */ = {isa = PBXBuildFile; fileRef = 1340D07F277980BE000104B0 /* UIViewController+Extension.swift */; };
		1340D0862779A96A000104B0 /* CardOnFileRouter.swift in Sources */ = {isa = PBXBuildFile; fileRef = 1340D0822779A96A000104B0 /* CardOnFileRouter.swift */; };
		1340D0872779A96A000104B0 /* CardOnFileViewController.swift in Sources */ = {isa = PBXBuildFile; fileRef = 1340D0832779A96A000104B0 /* CardOnFileViewController.swift */; };
		1340D0882779A96A000104B0 /* CardOnFileBuilder.swift in Sources */ = {isa = PBXBuildFile; fileRef = 1340D0842779A96A000104B0 /* CardOnFileBuilder.swift */; };
		1340D0892779A96A000104B0 /* CardOnFileInteractor.swift in Sources */ = {isa = PBXBuildFile; fileRef = 1340D0852779A96A000104B0 /* CardOnFileInteractor.swift */; };
		1340D08C2779A98B000104B0 /* CardOnFileCell.swift in Sources */ = {isa = PBXBuildFile; fileRef = 1340D08B2779A98B000104B0 /* CardOnFileCell.swift */; };
		1340D08E2779AB1C000104B0 /* Array+Extension.swift in Sources */ = {isa = PBXBuildFile; fileRef = 1340D08D2779AB1C000104B0 /* Array+Extension.swift */; };
		1340D0902779AFBA000104B0 /* UITableView+Extension.swift in Sources */ = {isa = PBXBuildFile; fileRef = 1340D08F2779AFBA000104B0 /* UITableView+Extension.swift */; };
		1340D0922779AFD3000104B0 /* Reusable.swift in Sources */ = {isa = PBXBuildFile; fileRef = 1340D0912779AFD3000104B0 /* Reusable.swift */; };
		13C97C112782EFFA0064CFA1 /* AddPaymentMethod in Frameworks */ = {isa = PBXBuildFile; productRef = 13C97C102782EFFA0064CFA1 /* AddPaymentMethod */; };
		157D6AEE2778A05500B07355 /* AdaptivePresentationControllerDelegate.swift in Sources */ = {isa = PBXBuildFile; fileRef = 157D6AED2778A05500B07355 /* AdaptivePresentationControllerDelegate.swift */; };
		157D6AF0277D6A6F00B07355 /* SuperPayRepository.swift in Sources */ = {isa = PBXBuildFile; fileRef = 157D6AEF277D6A6F00B07355 /* SuperPayRepository.swift */; };
		157D6AFE277EBC5F00B07355 /* ProfileHomeRouter.swift in Sources */ = {isa = PBXBuildFile; fileRef = 157D6AF2277EBC5F00B07355 /* ProfileHomeRouter.swift */; };
		157D6AFF277EBC5F00B07355 /* ProfileHomeBuilder.swift in Sources */ = {isa = PBXBuildFile; fileRef = 157D6AF3277EBC5F00B07355 /* ProfileHomeBuilder.swift */; };
		157D6B00277EBC5F00B07355 /* ProfileHomeViewController.swift in Sources */ = {isa = PBXBuildFile; fileRef = 157D6AF4277EBC5F00B07355 /* ProfileHomeViewController.swift */; };
		157D6B01277EBC5F00B07355 /* ProfileHomeInteractor.swift in Sources */ = {isa = PBXBuildFile; fileRef = 157D6AF5277EBC5F00B07355 /* ProfileHomeInteractor.swift */; };
		157D6B02277EBC5F00B07355 /* TransportHomeViewController.swift in Sources */ = {isa = PBXBuildFile; fileRef = 157D6AF7277EBC5F00B07355 /* TransportHomeViewController.swift */; };
		157D6B03277EBC5F00B07355 /* TransportHomeRouter.swift in Sources */ = {isa = PBXBuildFile; fileRef = 157D6AF8277EBC5F00B07355 /* TransportHomeRouter.swift */; };
		157D6B04277EBC5F00B07355 /* TransportHomeBuilder.swift in Sources */ = {isa = PBXBuildFile; fileRef = 157D6AF9277EBC5F00B07355 /* TransportHomeBuilder.swift */; };
		157D6B05277EBC5F00B07355 /* TransportHomeInteractor.swift in Sources */ = {isa = PBXBuildFile; fileRef = 157D6AFA277EBC5F00B07355 /* TransportHomeInteractor.swift */; };
		157D6B06277EBC5F00B07355 /* RideTypeView.swift in Sources */ = {isa = PBXBuildFile; fileRef = 157D6AFC277EBC5F00B07355 /* RideTypeView.swift */; };
		157D6B07277EBC5F00B07355 /* SuperPayView.swift in Sources */ = {isa = PBXBuildFile; fileRef = 157D6AFD277EBC5F00B07355 /* SuperPayView.swift */; };
/* End PBXBuildFile section */

/* Begin PBXFileReference section */
		1340CFF82772E01C000104B0 /* SuperApp.app */ = {isa = PBXFileReference; explicitFileType = wrapper.application; includeInIndex = 0; path = SuperApp.app; sourceTree = BUILT_PRODUCTS_DIR; };
		1340CFFB2772E01C000104B0 /* AppDelegate.swift */ = {isa = PBXFileReference; lastKnownFileType = sourcecode.swift; path = AppDelegate.swift; sourceTree = "<group>"; };
		1340D0042772E01E000104B0 /* Assets.xcassets */ = {isa = PBXFileReference; lastKnownFileType = folder.assetcatalog; path = Assets.xcassets; sourceTree = "<group>"; };
		1340D0072772E01E000104B0 /* Base */ = {isa = PBXFileReference; lastKnownFileType = file.storyboard; name = Base; path = Base.lproj/LaunchScreen.storyboard; sourceTree = "<group>"; };
		1340D0092772E01E000104B0 /* Info.plist */ = {isa = PBXFileReference; lastKnownFileType = text.plist.xml; path = Info.plist; sourceTree = "<group>"; };
		1340D0132772E905000104B0 /* AppComponent.swift */ = {isa = PBXFileReference; lastKnownFileType = sourcecode.swift; path = AppComponent.swift; sourceTree = "<group>"; };
		1340D0162772E994000104B0 /* AppRootRouter.swift */ = {isa = PBXFileReference; lastKnownFileType = sourcecode.swift; path = AppRootRouter.swift; sourceTree = "<group>"; };
		1340D0172772E994000104B0 /* AppRootBuilder.swift */ = {isa = PBXFileReference; lastKnownFileType = sourcecode.swift; path = AppRootBuilder.swift; sourceTree = "<group>"; };
		1340D0182772E994000104B0 /* AppRootInteractor.swift */ = {isa = PBXFileReference; lastKnownFileType = sourcecode.swift; path = AppRootInteractor.swift; sourceTree = "<group>"; };
		1340D01C2772EC1C000104B0 /* AppRootTabBarController.swift */ = {isa = PBXFileReference; lastKnownFileType = sourcecode.swift; path = AppRootTabBarController.swift; sourceTree = "<group>"; };
		1340D01F2772F20D000104B0 /* URLHandler.swift */ = {isa = PBXFileReference; lastKnownFileType = sourcecode.swift; path = URLHandler.swift; sourceTree = "<group>"; };
		1340D022277303FD000104B0 /* AppHomeRouter.swift */ = {isa = PBXFileReference; lastKnownFileType = sourcecode.swift; path = AppHomeRouter.swift; sourceTree = "<group>"; };
		1340D023277303FD000104B0 /* AppHomeViewController.swift */ = {isa = PBXFileReference; lastKnownFileType = sourcecode.swift; path = AppHomeViewController.swift; sourceTree = "<group>"; };
		1340D024277303FD000104B0 /* AppHomeBuilder.swift */ = {isa = PBXFileReference; lastKnownFileType = sourcecode.swift; path = AppHomeBuilder.swift; sourceTree = "<group>"; };
		1340D025277303FD000104B0 /* AppHomeInteractor.swift */ = {isa = PBXFileReference; lastKnownFileType = sourcecode.swift; path = AppHomeInteractor.swift; sourceTree = "<group>"; };
		1340D02A2773067E000104B0 /* NavigationControllable.swift */ = {isa = PBXFileReference; lastKnownFileType = sourcecode.swift; path = NavigationControllable.swift; sourceTree = "<group>"; };
		1340D02D27730A28000104B0 /* HomeWidgetView.swift */ = {isa = PBXFileReference; lastKnownFileType = sourcecode.swift; path = HomeWidgetView.swift; sourceTree = "<group>"; };
		1340D03027730A4E000104B0 /* HomeWidgetModel.swift */ = {isa = PBXFileReference; lastKnownFileType = sourcecode.swift; path = HomeWidgetModel.swift; sourceTree = "<group>"; };
		1340D0362773FF57000104B0 /* FinanceHomeRouter.swift */ = {isa = PBXFileReference; lastKnownFileType = sourcecode.swift; path = FinanceHomeRouter.swift; sourceTree = "<group>"; };
		1340D0372773FF57000104B0 /* FinanceHomeViewController.swift */ = {isa = PBXFileReference; lastKnownFileType = sourcecode.swift; path = FinanceHomeViewController.swift; sourceTree = "<group>"; };
		1340D0382773FF57000104B0 /* FinanceHomeBuilder.swift */ = {isa = PBXFileReference; lastKnownFileType = sourcecode.swift; path = FinanceHomeBuilder.swift; sourceTree = "<group>"; };
		1340D0392773FF57000104B0 /* FinanceHomeInteractor.swift */ = {isa = PBXFileReference; lastKnownFileType = sourcecode.swift; path = FinanceHomeInteractor.swift; sourceTree = "<group>"; };
		1340D03F2774054A000104B0 /* SuperPayDashboardRouter.swift */ = {isa = PBXFileReference; lastKnownFileType = sourcecode.swift; path = SuperPayDashboardRouter.swift; sourceTree = "<group>"; };
		1340D0402774054A000104B0 /* SuperPayDashboardViewController.swift */ = {isa = PBXFileReference; lastKnownFileType = sourcecode.swift; path = SuperPayDashboardViewController.swift; sourceTree = "<group>"; };
		1340D0412774054A000104B0 /* SuperPayDashboardBuilder.swift */ = {isa = PBXFileReference; lastKnownFileType = sourcecode.swift; path = SuperPayDashboardBuilder.swift; sourceTree = "<group>"; };
		1340D0422774054A000104B0 /* SuperPayDashboardInteractor.swift */ = {isa = PBXFileReference; lastKnownFileType = sourcecode.swift; path = SuperPayDashboardInteractor.swift; sourceTree = "<group>"; };
		1340D04827744985000104B0 /* UIView+Extension.swift */ = {isa = PBXFileReference; lastKnownFileType = sourcecode.swift; path = "UIView+Extension.swift"; sourceTree = "<group>"; };
		1340D04D27744BC8000104B0 /* Combine+Extension.swift */ = {isa = PBXFileReference; lastKnownFileType = sourcecode.swift; path = "Combine+Extension.swift"; sourceTree = "<group>"; };
		1340D04F277466F9000104B0 /* Formatter.swift */ = {isa = PBXFileReference; lastKnownFileType = sourcecode.swift; path = Formatter.swift; sourceTree = "<group>"; };
		1340D05227754E09000104B0 /* CardOnFileDashboardRouter.swift */ = {isa = PBXFileReference; lastKnownFileType = sourcecode.swift; path = CardOnFileDashboardRouter.swift; sourceTree = "<group>"; };
		1340D05327754E09000104B0 /* CardOnFileDashboardViewController.swift */ = {isa = PBXFileReference; lastKnownFileType = sourcecode.swift; path = CardOnFileDashboardViewController.swift; sourceTree = "<group>"; };
		1340D05427754E09000104B0 /* CardOnFileDashboardBuilder.swift */ = {isa = PBXFileReference; lastKnownFileType = sourcecode.swift; path = CardOnFileDashboardBuilder.swift; sourceTree = "<group>"; };
		1340D05527754E09000104B0 /* CardOnFileDashboardInteractor.swift */ = {isa = PBXFileReference; lastKnownFileType = sourcecode.swift; path = CardOnFileDashboardInteractor.swift; sourceTree = "<group>"; };
		1340D05C27755168000104B0 /* AddPaymentButton.swift */ = {isa = PBXFileReference; lastKnownFileType = sourcecode.swift; path = AddPaymentButton.swift; sourceTree = "<group>"; };
		1340D05E27755491000104B0 /* PaymentView.swift */ = {isa = PBXFileReference; lastKnownFileType = sourcecode.swift; path = PaymentView.swift; sourceTree = "<group>"; };
		1340D06727755FBE000104B0 /* UIColor+Extension.swift */ = {isa = PBXFileReference; lastKnownFileType = sourcecode.swift; path = "UIColor+Extension.swift"; sourceTree = "<group>"; };
		1340D06A27795136000104B0 /* TopupRouter.swift */ = {isa = PBXFileReference; lastKnownFileType = sourcecode.swift; path = TopupRouter.swift; sourceTree = "<group>"; };
		1340D06B27795136000104B0 /* TopupBuilder.swift */ = {isa = PBXFileReference; lastKnownFileType = sourcecode.swift; path = TopupBuilder.swift; sourceTree = "<group>"; };
		1340D06C27795136000104B0 /* TopupInteractor.swift */ = {isa = PBXFileReference; lastKnownFileType = sourcecode.swift; path = TopupInteractor.swift; sourceTree = "<group>"; };
		1340D07227797BFF000104B0 /* EnterAmountRouter.swift */ = {isa = PBXFileReference; lastKnownFileType = sourcecode.swift; path = EnterAmountRouter.swift; sourceTree = "<group>"; };
		1340D07327797BFF000104B0 /* EnterAmountViewController.swift */ = {isa = PBXFileReference; lastKnownFileType = sourcecode.swift; path = EnterAmountViewController.swift; sourceTree = "<group>"; };
		1340D07427797BFF000104B0 /* EnterAmountBuilder.swift */ = {isa = PBXFileReference; lastKnownFileType = sourcecode.swift; path = EnterAmountBuilder.swift; sourceTree = "<group>"; };
		1340D07527797BFF000104B0 /* EnterAmountInteractor.swift */ = {isa = PBXFileReference; lastKnownFileType = sourcecode.swift; path = EnterAmountInteractor.swift; sourceTree = "<group>"; };
		1340D07B27797E2F000104B0 /* SelectedPaymentMethodView.swift */ = {isa = PBXFileReference; fileEncoding = 4; lastKnownFileType = sourcecode.swift; path = SelectedPaymentMethodView.swift; sourceTree = "<group>"; };
		1340D07C27797E2F000104B0 /* EnterAmountWidget.swift */ = {isa = PBXFileReference; fileEncoding = 4; lastKnownFileType = sourcecode.swift; path = EnterAmountWidget.swift; sourceTree = "<group>"; };
		1340D07F277980BE000104B0 /* UIViewController+Extension.swift */ = {isa = PBXFileReference; lastKnownFileType = sourcecode.swift; path = "UIViewController+Extension.swift"; sourceTree = "<group>"; };
		1340D0822779A96A000104B0 /* CardOnFileRouter.swift */ = {isa = PBXFileReference; lastKnownFileType = sourcecode.swift; path = CardOnFileRouter.swift; sourceTree = "<group>"; };
		1340D0832779A96A000104B0 /* CardOnFileViewController.swift */ = {isa = PBXFileReference; lastKnownFileType = sourcecode.swift; path = CardOnFileViewController.swift; sourceTree = "<group>"; };
		1340D0842779A96A000104B0 /* CardOnFileBuilder.swift */ = {isa = PBXFileReference; lastKnownFileType = sourcecode.swift; path = CardOnFileBuilder.swift; sourceTree = "<group>"; };
		1340D0852779A96A000104B0 /* CardOnFileInteractor.swift */ = {isa = PBXFileReference; lastKnownFileType = sourcecode.swift; path = CardOnFileInteractor.swift; sourceTree = "<group>"; };
		1340D08B2779A98B000104B0 /* CardOnFileCell.swift */ = {isa = PBXFileReference; fileEncoding = 4; lastKnownFileType = sourcecode.swift; path = CardOnFileCell.swift; sourceTree = "<group>"; };
		1340D08D2779AB1C000104B0 /* Array+Extension.swift */ = {isa = PBXFileReference; lastKnownFileType = sourcecode.swift; path = "Array+Extension.swift"; sourceTree = "<group>"; };
		1340D08F2779AFBA000104B0 /* UITableView+Extension.swift */ = {isa = PBXFileReference; lastKnownFileType = sourcecode.swift; path = "UITableView+Extension.swift"; sourceTree = "<group>"; };
		1340D0912779AFD3000104B0 /* Reusable.swift */ = {isa = PBXFileReference; lastKnownFileType = sourcecode.swift; path = Reusable.swift; sourceTree = "<group>"; };
		13DBBA402782E616002A21BB /* CX */ = {isa = PBXFileReference; lastKnownFileType = wrapper; path = CX; sourceTree = "<group>"; };
		13DBBA412782E625002A21BB /* Finance */ = {isa = PBXFileReference; lastKnownFileType = wrapper; path = Finance; sourceTree = "<group>"; };
		13DBBA422782E632002A21BB /* Transport */ = {isa = PBXFileReference; lastKnownFileType = wrapper; path = Transport; sourceTree = "<group>"; };
		13DBBA432782E675002A21BB /* Profile */ = {isa = PBXFileReference; lastKnownFileType = wrapper; path = Profile; sourceTree = "<group>"; };
		13DBBA442782E693002A21BB /* Platform */ = {isa = PBXFileReference; lastKnownFileType = wrapper; path = Platform; sourceTree = "<group>"; };
		157D6AED2778A05500B07355 /* AdaptivePresentationControllerDelegate.swift */ = {isa = PBXFileReference; lastKnownFileType = sourcecode.swift; path = AdaptivePresentationControllerDelegate.swift; sourceTree = "<group>"; };
		157D6AEF277D6A6F00B07355 /* SuperPayRepository.swift */ = {isa = PBXFileReference; lastKnownFileType = sourcecode.swift; path = SuperPayRepository.swift; sourceTree = "<group>"; };
		157D6AF2277EBC5F00B07355 /* ProfileHomeRouter.swift */ = {isa = PBXFileReference; fileEncoding = 4; lastKnownFileType = sourcecode.swift; path = ProfileHomeRouter.swift; sourceTree = "<group>"; };
		157D6AF3277EBC5F00B07355 /* ProfileHomeBuilder.swift */ = {isa = PBXFileReference; fileEncoding = 4; lastKnownFileType = sourcecode.swift; path = ProfileHomeBuilder.swift; sourceTree = "<group>"; };
		157D6AF4277EBC5F00B07355 /* ProfileHomeViewController.swift */ = {isa = PBXFileReference; fileEncoding = 4; lastKnownFileType = sourcecode.swift; path = ProfileHomeViewController.swift; sourceTree = "<group>"; };
		157D6AF5277EBC5F00B07355 /* ProfileHomeInteractor.swift */ = {isa = PBXFileReference; fileEncoding = 4; lastKnownFileType = sourcecode.swift; path = ProfileHomeInteractor.swift; sourceTree = "<group>"; };
		157D6AF7277EBC5F00B07355 /* TransportHomeViewController.swift */ = {isa = PBXFileReference; fileEncoding = 4; lastKnownFileType = sourcecode.swift; path = TransportHomeViewController.swift; sourceTree = "<group>"; };
		157D6AF8277EBC5F00B07355 /* TransportHomeRouter.swift */ = {isa = PBXFileReference; fileEncoding = 4; lastKnownFileType = sourcecode.swift; path = TransportHomeRouter.swift; sourceTree = "<group>"; };
		157D6AF9277EBC5F00B07355 /* TransportHomeBuilder.swift */ = {isa = PBXFileReference; fileEncoding = 4; lastKnownFileType = sourcecode.swift; path = TransportHomeBuilder.swift; sourceTree = "<group>"; };
		157D6AFA277EBC5F00B07355 /* TransportHomeInteractor.swift */ = {isa = PBXFileReference; fileEncoding = 4; lastKnownFileType = sourcecode.swift; path = TransportHomeInteractor.swift; sourceTree = "<group>"; };
		157D6AFC277EBC5F00B07355 /* RideTypeView.swift */ = {isa = PBXFileReference; fileEncoding = 4; lastKnownFileType = sourcecode.swift; path = RideTypeView.swift; sourceTree = "<group>"; };
		157D6AFD277EBC5F00B07355 /* SuperPayView.swift */ = {isa = PBXFileReference; fileEncoding = 4; lastKnownFileType = sourcecode.swift; path = SuperPayView.swift; sourceTree = "<group>"; };
/* End PBXFileReference section */

/* Begin PBXFrameworksBuildPhase section */
		1340CFF52772E01C000104B0 /* Frameworks */ = {
			isa = PBXFrameworksBuildPhase;
			buildActionMask = 2147483647;
			files = (
				1340D04C27744BAA000104B0 /* CombineExt in Frameworks */,
				13C97C112782EFFA0064CFA1 /* AddPaymentMethod in Frameworks */,
				1340D0112772E4C0000104B0 /* ModernRIBs in Frameworks */,
			);
			runOnlyForDeploymentPostprocessing = 0;
		};
/* End PBXFrameworksBuildPhase section */

/* Begin PBXGroup section */
		1340CFEF2772E01C000104B0 = {
			isa = PBXGroup;
			children = (
				13DBBA442782E693002A21BB /* Platform */,
				13DBBA432782E675002A21BB /* Profile */,
				13DBBA422782E632002A21BB /* Transport */,
				13DBBA412782E625002A21BB /* Finance */,
				13DBBA402782E616002A21BB /* CX */,
				1340CFFA2772E01C000104B0 /* SuperApp */,
				1340CFF92772E01C000104B0 /* Products */,
				13C97C0F2782EFFA0064CFA1 /* Frameworks */,
			);
			sourceTree = "<group>";
		};
		1340CFF92772E01C000104B0 /* Products */ = {
			isa = PBXGroup;
			children = (
				1340CFF82772E01C000104B0 /* SuperApp.app */,
			);
			name = Products;
			sourceTree = "<group>";
		};
		1340CFFA2772E01C000104B0 /* SuperApp */ = {
			isa = PBXGroup;
			children = (
				1340D0122772E8CA000104B0 /* AppDelegate */,
				1340D0152772E96A000104B0 /* AppRoot */,
				1340D021277303D1000104B0 /* AppHome */,
				157D6AF6277EBC5F00B07355 /* TransportHome */,
				1340D0352773FF33000104B0 /* FinanceHome */,
				157D6AF1277EBC5F00B07355 /* ProfileHome */,
				1340D01E2772F1FC000104B0 /* Utils */,
				1340D0472774496F000104B0 /* Extensions */,
				1340D0042772E01E000104B0 /* Assets.xcassets */,
				1340D0062772E01E000104B0 /* LaunchScreen.storyboard */,
				1340D0092772E01E000104B0 /* Info.plist */,
			);
			path = SuperApp;
			sourceTree = "<group>";
		};
		1340D0122772E8CA000104B0 /* AppDelegate */ = {
			isa = PBXGroup;
			children = (
				1340CFFB2772E01C000104B0 /* AppDelegate.swift */,
				1340D0132772E905000104B0 /* AppComponent.swift */,
			);
			path = AppDelegate;
			sourceTree = "<group>";
		};
		1340D0152772E96A000104B0 /* AppRoot */ = {
			isa = PBXGroup;
			children = (
				1340D0162772E994000104B0 /* AppRootRouter.swift */,
				1340D0172772E994000104B0 /* AppRootBuilder.swift */,
				1340D0182772E994000104B0 /* AppRootInteractor.swift */,
				1340D01C2772EC1C000104B0 /* AppRootTabBarController.swift */,
			);
			path = AppRoot;
			sourceTree = "<group>";
		};
		1340D01E2772F1FC000104B0 /* Utils */ = {
			isa = PBXGroup;
			children = (
				1340D04F277466F9000104B0 /* Formatter.swift */,
				1340D01F2772F20D000104B0 /* URLHandler.swift */,
				1340D02A2773067E000104B0 /* NavigationControllable.swift */,
				157D6AED2778A05500B07355 /* AdaptivePresentationControllerDelegate.swift */,
				1340D0912779AFD3000104B0 /* Reusable.swift */,
			);
			path = Utils;
			sourceTree = "<group>";
		};
		1340D021277303D1000104B0 /* AppHome */ = {
			isa = PBXGroup;
			children = (
				1340D022277303FD000104B0 /* AppHomeRouter.swift */,
				1340D023277303FD000104B0 /* AppHomeViewController.swift */,
				1340D024277303FD000104B0 /* AppHomeBuilder.swift */,
				1340D025277303FD000104B0 /* AppHomeInteractor.swift */,
				1340D02F27730A41000104B0 /* Models */,
				1340D02C27730A18000104B0 /* Views */,
			);
			path = AppHome;
			sourceTree = "<group>";
		};
		1340D02C27730A18000104B0 /* Views */ = {
			isa = PBXGroup;
			children = (
				1340D02D27730A28000104B0 /* HomeWidgetView.swift */,
			);
			path = Views;
			sourceTree = "<group>";
		};
		1340D02F27730A41000104B0 /* Models */ = {
			isa = PBXGroup;
			children = (
				1340D03027730A4E000104B0 /* HomeWidgetModel.swift */,
			);
			path = Models;
			sourceTree = "<group>";
		};
		1340D0352773FF33000104B0 /* FinanceHome */ = {
			isa = PBXGroup;
			children = (
				1340D06427755E05000104B0 /* Repository */,
				1340D0692779511E000104B0 /* Topup */,
				1340D05127754DF0000104B0 /* CardOnFileDashboard */,
				1340D03E27740526000104B0 /* SuperPayDashboard */,
				1340D0362773FF57000104B0 /* FinanceHomeRouter.swift */,
				1340D0372773FF57000104B0 /* FinanceHomeViewController.swift */,
				1340D0382773FF57000104B0 /* FinanceHomeBuilder.swift */,
				1340D0392773FF57000104B0 /* FinanceHomeInteractor.swift */,
			);
			path = FinanceHome;
			sourceTree = "<group>";
		};
		1340D03E27740526000104B0 /* SuperPayDashboard */ = {
			isa = PBXGroup;
			children = (
				1340D03F2774054A000104B0 /* SuperPayDashboardRouter.swift */,
				1340D0402774054A000104B0 /* SuperPayDashboardViewController.swift */,
				1340D0412774054A000104B0 /* SuperPayDashboardBuilder.swift */,
				1340D0422774054A000104B0 /* SuperPayDashboardInteractor.swift */,
			);
			path = SuperPayDashboard;
			sourceTree = "<group>";
		};
		1340D0472774496F000104B0 /* Extensions */ = {
			isa = PBXGroup;
			children = (
				1340D04827744985000104B0 /* UIView+Extension.swift */,
				1340D06727755FBE000104B0 /* UIColor+Extension.swift */,
				1340D04D27744BC8000104B0 /* Combine+Extension.swift */,
				1340D07F277980BE000104B0 /* UIViewController+Extension.swift */,
				1340D08D2779AB1C000104B0 /* Array+Extension.swift */,
				1340D08F2779AFBA000104B0 /* UITableView+Extension.swift */,
			);
			path = Extensions;
			sourceTree = "<group>";
		};
		1340D05127754DF0000104B0 /* CardOnFileDashboard */ = {
			isa = PBXGroup;
			children = (
				1340D05227754E09000104B0 /* CardOnFileDashboardRouter.swift */,
				1340D05327754E09000104B0 /* CardOnFileDashboardViewController.swift */,
				1340D05427754E09000104B0 /* CardOnFileDashboardBuilder.swift */,
				1340D05527754E09000104B0 /* CardOnFileDashboardInteractor.swift */,
				1340D05A2775512A000104B0 /* Views */,
			);
			path = CardOnFileDashboard;
			sourceTree = "<group>";
		};
		1340D05A2775512A000104B0 /* Views */ = {
			isa = PBXGroup;
			children = (
				1340D05E27755491000104B0 /* PaymentView.swift */,
				1340D05C27755168000104B0 /* AddPaymentButton.swift */,
			);
			path = Views;
			sourceTree = "<group>";
		};
		1340D06427755E05000104B0 /* Repository */ = {
			isa = PBXGroup;
			children = (
				157D6AEF277D6A6F00B07355 /* SuperPayRepository.swift */,
			);
			path = Repository;
			sourceTree = "<group>";
		};
		1340D0692779511E000104B0 /* Topup */ = {
			isa = PBXGroup;
			children = (
				1340D0812779A954000104B0 /* CardOnFile */,
				1340D07127797BEE000104B0 /* EnterAmount */,
				1340D06A27795136000104B0 /* TopupRouter.swift */,
				1340D06B27795136000104B0 /* TopupBuilder.swift */,
				1340D06C27795136000104B0 /* TopupInteractor.swift */,
			);
			path = Topup;
			sourceTree = "<group>";
		};
		1340D07127797BEE000104B0 /* EnterAmount */ = {
			isa = PBXGroup;
			children = (
				1340D07A27797E1B000104B0 /* Views */,
				1340D07227797BFF000104B0 /* EnterAmountRouter.swift */,
				1340D07327797BFF000104B0 /* EnterAmountViewController.swift */,
				1340D07427797BFF000104B0 /* EnterAmountBuilder.swift */,
				1340D07527797BFF000104B0 /* EnterAmountInteractor.swift */,
			);
			path = EnterAmount;
			sourceTree = "<group>";
		};
		1340D07A27797E1B000104B0 /* Views */ = {
			isa = PBXGroup;
			children = (
				1340D07C27797E2F000104B0 /* EnterAmountWidget.swift */,
				1340D07B27797E2F000104B0 /* SelectedPaymentMethodView.swift */,
			);
			path = Views;
			sourceTree = "<group>";
		};
		1340D0812779A954000104B0 /* CardOnFile */ = {
			isa = PBXGroup;
			children = (
				1340D08A2779A977000104B0 /* Views */,
				1340D0822779A96A000104B0 /* CardOnFileRouter.swift */,
				1340D0832779A96A000104B0 /* CardOnFileViewController.swift */,
				1340D0842779A96A000104B0 /* CardOnFileBuilder.swift */,
				1340D0852779A96A000104B0 /* CardOnFileInteractor.swift */,
			);
			path = CardOnFile;
			sourceTree = "<group>";
		};
		1340D08A2779A977000104B0 /* Views */ = {
			isa = PBXGroup;
			children = (
				1340D08B2779A98B000104B0 /* CardOnFileCell.swift */,
			);
			path = Views;
			sourceTree = "<group>";
		};
		13C97C0F2782EFFA0064CFA1 /* Frameworks */ = {
			isa = PBXGroup;
			children = (
			);
			name = Frameworks;
			sourceTree = "<group>";
		};
		157D6AF1277EBC5F00B07355 /* ProfileHome */ = {
			isa = PBXGroup;
			children = (
				157D6AF2277EBC5F00B07355 /* ProfileHomeRouter.swift */,
				157D6AF3277EBC5F00B07355 /* ProfileHomeBuilder.swift */,
				157D6AF4277EBC5F00B07355 /* ProfileHomeViewController.swift */,
				157D6AF5277EBC5F00B07355 /* ProfileHomeInteractor.swift */,
			);
			path = ProfileHome;
			sourceTree = "<group>";
		};
		157D6AF6277EBC5F00B07355 /* TransportHome */ = {
			isa = PBXGroup;
			children = (
				157D6AF7277EBC5F00B07355 /* TransportHomeViewController.swift */,
				157D6AF8277EBC5F00B07355 /* TransportHomeRouter.swift */,
				157D6AF9277EBC5F00B07355 /* TransportHomeBuilder.swift */,
				157D6AFA277EBC5F00B07355 /* TransportHomeInteractor.swift */,
				157D6AFB277EBC5F00B07355 /* Views */,
			);
			path = TransportHome;
			sourceTree = "<group>";
		};
		157D6AFB277EBC5F00B07355 /* Views */ = {
			isa = PBXGroup;
			children = (
				157D6AFC277EBC5F00B07355 /* RideTypeView.swift */,
				157D6AFD277EBC5F00B07355 /* SuperPayView.swift */,
			);
			path = Views;
			sourceTree = "<group>";
		};
/* End PBXGroup section */

/* Begin PBXNativeTarget section */
		1340CFF72772E01C000104B0 /* SuperApp */ = {
			isa = PBXNativeTarget;
			buildConfigurationList = 1340D00C2772E01E000104B0 /* Build configuration list for PBXNativeTarget "SuperApp" */;
			buildPhases = (
				1340CFF42772E01C000104B0 /* Sources */,
				1340CFF52772E01C000104B0 /* Frameworks */,
				1340CFF62772E01C000104B0 /* Resources */,
			);
			buildRules = (
			);
			dependencies = (
			);
			name = SuperApp;
			packageProductDependencies = (
				1340D0102772E4C0000104B0 /* ModernRIBs */,
				1340D04B27744BAA000104B0 /* CombineExt */,
				13C97C102782EFFA0064CFA1 /* AddPaymentMethod */,
			);
			productName = SuperApp;
			productReference = 1340CFF82772E01C000104B0 /* SuperApp.app */;
			productType = "com.apple.product-type.application";
		};
/* End PBXNativeTarget section */

/* Begin PBXProject section */
		1340CFF02772E01C000104B0 /* Project object */ = {
			isa = PBXProject;
			attributes = {
				BuildIndependentTargetsInParallel = 1;
				LastSwiftUpdateCheck = 1320;
				LastUpgradeCheck = 1320;
				TargetAttributes = {
					1340CFF72772E01C000104B0 = {
						CreatedOnToolsVersion = 13.2.1;
					};
				};
			};
			buildConfigurationList = 1340CFF32772E01C000104B0 /* Build configuration list for PBXProject "SuperApp" */;
			compatibilityVersion = "Xcode 13.0";
			developmentRegion = en;
			hasScannedForEncodings = 0;
			knownRegions = (
				en,
				Base,
			);
			mainGroup = 1340CFEF2772E01C000104B0;
			packageReferences = (
				1340D00F2772E4C0000104B0 /* XCRemoteSwiftPackageReference "ModernRIBs" */,
				1340D04A27744BA9000104B0 /* XCRemoteSwiftPackageReference "CombineExt" */,
			);
			productRefGroup = 1340CFF92772E01C000104B0 /* Products */;
			projectDirPath = "";
			projectRoot = "";
			targets = (
				1340CFF72772E01C000104B0 /* SuperApp */,
			);
		};
/* End PBXProject section */

/* Begin PBXResourcesBuildPhase section */
		1340CFF62772E01C000104B0 /* Resources */ = {
			isa = PBXResourcesBuildPhase;
			buildActionMask = 2147483647;
			files = (
				1340D0082772E01E000104B0 /* LaunchScreen.storyboard in Resources */,
				1340D0052772E01E000104B0 /* Assets.xcassets in Resources */,
			);
			runOnlyForDeploymentPostprocessing = 0;
		};
/* End PBXResourcesBuildPhase section */

/* Begin PBXSourcesBuildPhase section */
		1340CFF42772E01C000104B0 /* Sources */ = {
			isa = PBXSourcesBuildPhase;
			buildActionMask = 2147483647;
			files = (
				157D6AFF277EBC5F00B07355 /* ProfileHomeBuilder.swift in Sources */,
				157D6AF0277D6A6F00B07355 /* SuperPayRepository.swift in Sources */,
				157D6AFE277EBC5F00B07355 /* ProfileHomeRouter.swift in Sources */,
				1340D07627797BFF000104B0 /* EnterAmountRouter.swift in Sources */,
				1340D02B2773067E000104B0 /* NavigationControllable.swift in Sources */,
				157D6B05277EBC5F00B07355 /* TransportHomeInteractor.swift in Sources */,
				1340D0202772F20D000104B0 /* URLHandler.swift in Sources */,
				1340D08E2779AB1C000104B0 /* Array+Extension.swift in Sources */,
				1340D026277303FD000104B0 /* AppHomeRouter.swift in Sources */,
				157D6B07277EBC5F00B07355 /* SuperPayView.swift in Sources */,
				1340D02E27730A28000104B0 /* HomeWidgetView.swift in Sources */,
				157D6B02277EBC5F00B07355 /* TransportHomeViewController.swift in Sources */,
				1340D0892779A96A000104B0 /* CardOnFileInteractor.swift in Sources */,
				157D6B03277EBC5F00B07355 /* TransportHomeRouter.swift in Sources */,
				1340D0862779A96A000104B0 /* CardOnFileRouter.swift in Sources */,
				1340D0462774054A000104B0 /* SuperPayDashboardInteractor.swift in Sources */,
				157D6B04277EBC5F00B07355 /* TransportHomeBuilder.swift in Sources */,
				1340D03D2773FF57000104B0 /* FinanceHomeInteractor.swift in Sources */,
				1340D05827754E09000104B0 /* CardOnFileDashboardBuilder.swift in Sources */,
				1340D027277303FD000104B0 /* AppHomeViewController.swift in Sources */,
				1340CFFC2772E01C000104B0 /* AppDelegate.swift in Sources */,
				1340D05627754E09000104B0 /* CardOnFileDashboardRouter.swift in Sources */,
				1340D03B2773FF57000104B0 /* FinanceHomeViewController.swift in Sources */,
				1340D028277303FD000104B0 /* AppHomeBuilder.swift in Sources */,
				1340D04927744985000104B0 /* UIView+Extension.swift in Sources */,
				1340D0142772E905000104B0 /* AppComponent.swift in Sources */,
				1340D03127730A4E000104B0 /* HomeWidgetModel.swift in Sources */,
				1340D03A2773FF57000104B0 /* FinanceHomeRouter.swift in Sources */,
				1340D0192772E994000104B0 /* AppRootRouter.swift in Sources */,
				1340D0902779AFBA000104B0 /* UITableView+Extension.swift in Sources */,
				1340D05927754E09000104B0 /* CardOnFileDashboardInteractor.swift in Sources */,
				1340D04E27744BC8000104B0 /* Combine+Extension.swift in Sources */,
				1340D05F27755491000104B0 /* PaymentView.swift in Sources */,
				1340D06E27795136000104B0 /* TopupBuilder.swift in Sources */,
				1340D07927797BFF000104B0 /* EnterAmountInteractor.swift in Sources */,
				1340D03C2773FF57000104B0 /* FinanceHomeBuilder.swift in Sources */,
				1340D06827755FBE000104B0 /* UIColor+Extension.swift in Sources */,
				1340D05D27755168000104B0 /* AddPaymentButton.swift in Sources */,
				1340D050277466F9000104B0 /* Formatter.swift in Sources */,
				1340D0882779A96A000104B0 /* CardOnFileBuilder.swift in Sources */,
				157D6B06277EBC5F00B07355 /* RideTypeView.swift in Sources */,
				1340D06D27795136000104B0 /* TopupRouter.swift in Sources */,
				1340D01A2772E994000104B0 /* AppRootBuilder.swift in Sources */,
				157D6AEE2778A05500B07355 /* AdaptivePresentationControllerDelegate.swift in Sources */,
				157D6B01277EBC5F00B07355 /* ProfileHomeInteractor.swift in Sources */,
				1340D07D27797E2F000104B0 /* SelectedPaymentMethodView.swift in Sources */,
				1340D07827797BFF000104B0 /* EnterAmountBuilder.swift in Sources */,
				1340D0872779A96A000104B0 /* CardOnFileViewController.swift in Sources */,
				1340D01B2772E994000104B0 /* AppRootInteractor.swift in Sources */,
				1340D07727797BFF000104B0 /* EnterAmountViewController.swift in Sources */,
				1340D0442774054A000104B0 /* SuperPayDashboardViewController.swift in Sources */,
				1340D07E27797E2F000104B0 /* EnterAmountWidget.swift in Sources */,
				1340D029277303FD000104B0 /* AppHomeInteractor.swift in Sources */,
				1340D05727754E09000104B0 /* CardOnFileDashboardViewController.swift in Sources */,
				1340D01D2772EC1C000104B0 /* AppRootTabBarController.swift in Sources */,
				157D6B00277EBC5F00B07355 /* ProfileHomeViewController.swift in Sources */,
				1340D0452774054A000104B0 /* SuperPayDashboardBuilder.swift in Sources */,
				1340D08C2779A98B000104B0 /* CardOnFileCell.swift in Sources */,
				1340D080277980BE000104B0 /* UIViewController+Extension.swift in Sources */,
				1340D0922779AFD3000104B0 /* Reusable.swift in Sources */,
				1340D0432774054A000104B0 /* SuperPayDashboardRouter.swift in Sources */,
				1340D06F27795136000104B0 /* TopupInteractor.swift in Sources */,
			);
			runOnlyForDeploymentPostprocessing = 0;
		};
/* End PBXSourcesBuildPhase section */

/* Begin PBXVariantGroup section */
		1340D0062772E01E000104B0 /* LaunchScreen.storyboard */ = {
			isa = PBXVariantGroup;
			children = (
				1340D0072772E01E000104B0 /* Base */,
			);
			name = LaunchScreen.storyboard;
			sourceTree = "<group>";
		};
/* End PBXVariantGroup section */

/* Begin XCBuildConfiguration section */
		1340D00A2772E01E000104B0 /* Debug */ = {
			isa = XCBuildConfiguration;
			buildSettings = {
				ALWAYS_SEARCH_USER_PATHS = NO;
				CLANG_ANALYZER_NONNULL = YES;
				CLANG_ANALYZER_NUMBER_OBJECT_CONVERSION = YES_AGGRESSIVE;
				CLANG_CXX_LANGUAGE_STANDARD = "gnu++17";
				CLANG_CXX_LIBRARY = "libc++";
				CLANG_ENABLE_MODULES = YES;
				CLANG_ENABLE_OBJC_ARC = YES;
				CLANG_ENABLE_OBJC_WEAK = YES;
				CLANG_WARN_BLOCK_CAPTURE_AUTORELEASING = YES;
				CLANG_WARN_BOOL_CONVERSION = YES;
				CLANG_WARN_COMMA = YES;
				CLANG_WARN_CONSTANT_CONVERSION = YES;
				CLANG_WARN_DEPRECATED_OBJC_IMPLEMENTATIONS = YES;
				CLANG_WARN_DIRECT_OBJC_ISA_USAGE = YES_ERROR;
				CLANG_WARN_DOCUMENTATION_COMMENTS = YES;
				CLANG_WARN_EMPTY_BODY = YES;
				CLANG_WARN_ENUM_CONVERSION = YES;
				CLANG_WARN_INFINITE_RECURSION = YES;
				CLANG_WARN_INT_CONVERSION = YES;
				CLANG_WARN_NON_LITERAL_NULL_CONVERSION = YES;
				CLANG_WARN_OBJC_IMPLICIT_RETAIN_SELF = YES;
				CLANG_WARN_OBJC_LITERAL_CONVERSION = YES;
				CLANG_WARN_OBJC_ROOT_CLASS = YES_ERROR;
				CLANG_WARN_QUOTED_INCLUDE_IN_FRAMEWORK_HEADER = YES;
				CLANG_WARN_RANGE_LOOP_ANALYSIS = YES;
				CLANG_WARN_STRICT_PROTOTYPES = YES;
				CLANG_WARN_SUSPICIOUS_MOVE = YES;
				CLANG_WARN_UNGUARDED_AVAILABILITY = YES_AGGRESSIVE;
				CLANG_WARN_UNREACHABLE_CODE = YES;
				CLANG_WARN__DUPLICATE_METHOD_MATCH = YES;
				COPY_PHASE_STRIP = NO;
				DEBUG_INFORMATION_FORMAT = dwarf;
				ENABLE_STRICT_OBJC_MSGSEND = YES;
				ENABLE_TESTABILITY = YES;
				GCC_C_LANGUAGE_STANDARD = gnu11;
				GCC_DYNAMIC_NO_PIC = NO;
				GCC_NO_COMMON_BLOCKS = YES;
				GCC_OPTIMIZATION_LEVEL = 0;
				GCC_PREPROCESSOR_DEFINITIONS = (
					"DEBUG=1",
					"$(inherited)",
				);
				GCC_WARN_64_TO_32_BIT_CONVERSION = YES;
				GCC_WARN_ABOUT_RETURN_TYPE = YES_ERROR;
				GCC_WARN_UNDECLARED_SELECTOR = YES;
				GCC_WARN_UNINITIALIZED_AUTOS = YES_AGGRESSIVE;
				GCC_WARN_UNUSED_FUNCTION = YES;
				GCC_WARN_UNUSED_VARIABLE = YES;
				IPHONEOS_DEPLOYMENT_TARGET = 15.2;
				MTL_ENABLE_DEBUG_INFO = INCLUDE_SOURCE;
				MTL_FAST_MATH = YES;
				ONLY_ACTIVE_ARCH = YES;
				SDKROOT = iphoneos;
				SWIFT_ACTIVE_COMPILATION_CONDITIONS = DEBUG;
				SWIFT_OPTIMIZATION_LEVEL = "-Onone";
			};
			name = Debug;
		};
		1340D00B2772E01E000104B0 /* Release */ = {
			isa = XCBuildConfiguration;
			buildSettings = {
				ALWAYS_SEARCH_USER_PATHS = NO;
				CLANG_ANALYZER_NONNULL = YES;
				CLANG_ANALYZER_NUMBER_OBJECT_CONVERSION = YES_AGGRESSIVE;
				CLANG_CXX_LANGUAGE_STANDARD = "gnu++17";
				CLANG_CXX_LIBRARY = "libc++";
				CLANG_ENABLE_MODULES = YES;
				CLANG_ENABLE_OBJC_ARC = YES;
				CLANG_ENABLE_OBJC_WEAK = YES;
				CLANG_WARN_BLOCK_CAPTURE_AUTORELEASING = YES;
				CLANG_WARN_BOOL_CONVERSION = YES;
				CLANG_WARN_COMMA = YES;
				CLANG_WARN_CONSTANT_CONVERSION = YES;
				CLANG_WARN_DEPRECATED_OBJC_IMPLEMENTATIONS = YES;
				CLANG_WARN_DIRECT_OBJC_ISA_USAGE = YES_ERROR;
				CLANG_WARN_DOCUMENTATION_COMMENTS = YES;
				CLANG_WARN_EMPTY_BODY = YES;
				CLANG_WARN_ENUM_CONVERSION = YES;
				CLANG_WARN_INFINITE_RECURSION = YES;
				CLANG_WARN_INT_CONVERSION = YES;
				CLANG_WARN_NON_LITERAL_NULL_CONVERSION = YES;
				CLANG_WARN_OBJC_IMPLICIT_RETAIN_SELF = YES;
				CLANG_WARN_OBJC_LITERAL_CONVERSION = YES;
				CLANG_WARN_OBJC_ROOT_CLASS = YES_ERROR;
				CLANG_WARN_QUOTED_INCLUDE_IN_FRAMEWORK_HEADER = YES;
				CLANG_WARN_RANGE_LOOP_ANALYSIS = YES;
				CLANG_WARN_STRICT_PROTOTYPES = YES;
				CLANG_WARN_SUSPICIOUS_MOVE = YES;
				CLANG_WARN_UNGUARDED_AVAILABILITY = YES_AGGRESSIVE;
				CLANG_WARN_UNREACHABLE_CODE = YES;
				CLANG_WARN__DUPLICATE_METHOD_MATCH = YES;
				COPY_PHASE_STRIP = NO;
				DEBUG_INFORMATION_FORMAT = "dwarf-with-dsym";
				ENABLE_NS_ASSERTIONS = NO;
				ENABLE_STRICT_OBJC_MSGSEND = YES;
				GCC_C_LANGUAGE_STANDARD = gnu11;
				GCC_NO_COMMON_BLOCKS = YES;
				GCC_WARN_64_TO_32_BIT_CONVERSION = YES;
				GCC_WARN_ABOUT_RETURN_TYPE = YES_ERROR;
				GCC_WARN_UNDECLARED_SELECTOR = YES;
				GCC_WARN_UNINITIALIZED_AUTOS = YES_AGGRESSIVE;
				GCC_WARN_UNUSED_FUNCTION = YES;
				GCC_WARN_UNUSED_VARIABLE = YES;
				IPHONEOS_DEPLOYMENT_TARGET = 15.2;
				MTL_ENABLE_DEBUG_INFO = NO;
				MTL_FAST_MATH = YES;
				SDKROOT = iphoneos;
				SWIFT_COMPILATION_MODE = wholemodule;
				SWIFT_OPTIMIZATION_LEVEL = "-O";
				VALIDATE_PRODUCT = YES;
			};
			name = Release;
		};
		1340D00D2772E01E000104B0 /* Debug */ = {
			isa = XCBuildConfiguration;
			buildSettings = {
				ASSETCATALOG_COMPILER_APPICON_NAME = AppIcon;
				ASSETCATALOG_COMPILER_GLOBAL_ACCENT_COLOR_NAME = AccentColor;
				CODE_SIGN_STYLE = Automatic;
				CURRENT_PROJECT_VERSION = 1;
				DEVELOPMENT_TEAM = 7Y3DL2X5B3;
				GENERATE_INFOPLIST_FILE = YES;
				INFOPLIST_FILE = SuperApp/Info.plist;
				INFOPLIST_KEY_UIApplicationSupportsIndirectInputEvents = YES;
				INFOPLIST_KEY_UILaunchStoryboardName = LaunchScreen;
				INFOPLIST_KEY_UIMainStoryboardFile = LaunchScreen;
				INFOPLIST_KEY_UISupportedInterfaceOrientations_iPad = "UIInterfaceOrientationPortrait UIInterfaceOrientationPortraitUpsideDown UIInterfaceOrientationLandscapeLeft UIInterfaceOrientationLandscapeRight";
				INFOPLIST_KEY_UISupportedInterfaceOrientations_iPhone = "UIInterfaceOrientationPortrait UIInterfaceOrientationLandscapeLeft UIInterfaceOrientationLandscapeRight";
				IPHONEOS_DEPLOYMENT_TARGET = 14.0;
				LD_RUNPATH_SEARCH_PATHS = (
					"$(inherited)",
					"@executable_path/Frameworks",
				);
				MARKETING_VERSION = 1.0;
				PRODUCT_BUNDLE_IDENTIFIER = com.yong.SuperApp;
				PRODUCT_NAME = "$(TARGET_NAME)";
				SWIFT_EMIT_LOC_STRINGS = YES;
				SWIFT_VERSION = 5.0;
				TARGETED_DEVICE_FAMILY = "1,2";
			};
			name = Debug;
		};
		1340D00E2772E01E000104B0 /* Release */ = {
			isa = XCBuildConfiguration;
			buildSettings = {
				ASSETCATALOG_COMPILER_APPICON_NAME = AppIcon;
				ASSETCATALOG_COMPILER_GLOBAL_ACCENT_COLOR_NAME = AccentColor;
				CODE_SIGN_STYLE = Automatic;
				CURRENT_PROJECT_VERSION = 1;
				DEVELOPMENT_TEAM = 7Y3DL2X5B3;
				GENERATE_INFOPLIST_FILE = YES;
				INFOPLIST_FILE = SuperApp/Info.plist;
				INFOPLIST_KEY_UIApplicationSupportsIndirectInputEvents = YES;
				INFOPLIST_KEY_UILaunchStoryboardName = LaunchScreen;
				INFOPLIST_KEY_UIMainStoryboardFile = LaunchScreen;
				INFOPLIST_KEY_UISupportedInterfaceOrientations_iPad = "UIInterfaceOrientationPortrait UIInterfaceOrientationPortraitUpsideDown UIInterfaceOrientationLandscapeLeft UIInterfaceOrientationLandscapeRight";
				INFOPLIST_KEY_UISupportedInterfaceOrientations_iPhone = "UIInterfaceOrientationPortrait UIInterfaceOrientationLandscapeLeft UIInterfaceOrientationLandscapeRight";
				IPHONEOS_DEPLOYMENT_TARGET = 14.0;
				LD_RUNPATH_SEARCH_PATHS = (
					"$(inherited)",
					"@executable_path/Frameworks",
				);
				MARKETING_VERSION = 1.0;
				PRODUCT_BUNDLE_IDENTIFIER = com.yong.SuperApp;
				PRODUCT_NAME = "$(TARGET_NAME)";
				SWIFT_EMIT_LOC_STRINGS = YES;
				SWIFT_VERSION = 5.0;
				TARGETED_DEVICE_FAMILY = "1,2";
			};
			name = Release;
		};
/* End XCBuildConfiguration section */

/* Begin XCConfigurationList section */
		1340CFF32772E01C000104B0 /* Build configuration list for PBXProject "SuperApp" */ = {
			isa = XCConfigurationList;
			buildConfigurations = (
				1340D00A2772E01E000104B0 /* Debug */,
				1340D00B2772E01E000104B0 /* Release */,
			);
			defaultConfigurationIsVisible = 0;
			defaultConfigurationName = Release;
		};
		1340D00C2772E01E000104B0 /* Build configuration list for PBXNativeTarget "SuperApp" */ = {
			isa = XCConfigurationList;
			buildConfigurations = (
				1340D00D2772E01E000104B0 /* Debug */,
				1340D00E2772E01E000104B0 /* Release */,
			);
			defaultConfigurationIsVisible = 0;
			defaultConfigurationName = Release;
		};
/* End XCConfigurationList section */

/* Begin XCRemoteSwiftPackageReference section */
		1340D00F2772E4C0000104B0 /* XCRemoteSwiftPackageReference "ModernRIBs" */ = {
			isa = XCRemoteSwiftPackageReference;
			repositoryURL = "https://github.com/DevYeom/ModernRIBs";
			requirement = {
				kind = upToNextMajorVersion;
				minimumVersion = 1.0.0;
			};
		};
		1340D04A27744BA9000104B0 /* XCRemoteSwiftPackageReference "CombineExt" */ = {
			isa = XCRemoteSwiftPackageReference;
			repositoryURL = "https://github.com/CombineCommunity/CombineExt";
			requirement = {
				kind = upToNextMajorVersion;
				minimumVersion = 1.0.0;
			};
		};
/* End XCRemoteSwiftPackageReference section */

/* Begin XCSwiftPackageProductDependency section */
		1340D0102772E4C0000104B0 /* ModernRIBs */ = {
			isa = XCSwiftPackageProductDependency;
			package = 1340D00F2772E4C0000104B0 /* XCRemoteSwiftPackageReference "ModernRIBs" */;
			productName = ModernRIBs;
		};
		1340D04B27744BAA000104B0 /* CombineExt */ = {
			isa = XCSwiftPackageProductDependency;
			package = 1340D04A27744BA9000104B0 /* XCRemoteSwiftPackageReference "CombineExt" */;
			productName = CombineExt;
		};
		13C97C102782EFFA0064CFA1 /* AddPaymentMethod */ = {
			isa = XCSwiftPackageProductDependency;
			productName = AddPaymentMethod;
		};
/* End XCSwiftPackageProductDependency section */
	};
	rootObject = 1340CFF02772E01C000104B0 /* Project object */;
}
