// !$*UTF8*$!
{
	archiveVersion = 1;
	classes = {
	};
	objectVersion = 55;
	objects = {

/* Begin PBXBuildFile section */
		1340CFFC2772E01C000104B0 /* AppDelegate.swift in Sources */ = {isa = PBXBuildFile; fileRef = 1340CFFB2772E01C000104B0 /* AppDelegate.swift */; };
		1340D0052772E01E000104B0 /* Assets.xcassets in Resources */ = {isa = PBXBuildFile; fileRef = 1340D0042772E01E000104B0 /* Assets.xcassets */; };
		1340D0082772E01E000104B0 /* LaunchScreen.storyboard in Resources */ = {isa = PBXBuildFile; fileRef = 1340D0062772E01E000104B0 /* LaunchScreen.storyboard */; };
		1340D0112772E4C0000104B0 /* ModernRIBs in Frameworks */ = {isa = PBXBuildFile; productRef = 1340D0102772E4C0000104B0 /* ModernRIBs */; };
		1340D0142772E905000104B0 /* AppComponent.swift in Sources */ = {isa = PBXBuildFile; fileRef = 1340D0132772E905000104B0 /* AppComponent.swift */; };
		1340D0192772E994000104B0 /* AppRootRouter.swift in Sources */ = {isa = PBXBuildFile; fileRef = 1340D0162772E994000104B0 /* AppRootRouter.swift */; };
		1340D01A2772E994000104B0 /* AppRootBuilder.swift in Sources */ = {isa = PBXBuildFile; fileRef = 1340D0172772E994000104B0 /* AppRootBuilder.swift */; };
		1340D01B2772E994000104B0 /* AppRootInteractor.swift in Sources */ = {isa = PBXBuildFile; fileRef = 1340D0182772E994000104B0 /* AppRootInteractor.swift */; };
		1340D01D2772EC1C000104B0 /* AppRootTabBarController.swift in Sources */ = {isa = PBXBuildFile; fileRef = 1340D01C2772EC1C000104B0 /* AppRootTabBarController.swift */; };
		1340D0202772F20D000104B0 /* URLHandler.swift in Sources */ = {isa = PBXBuildFile; fileRef = 1340D01F2772F20D000104B0 /* URLHandler.swift */; };
		1340D026277303FD000104B0 /* AppHomeRouter.swift in Sources */ = {isa = PBXBuildFile; fileRef = 1340D022277303FD000104B0 /* AppHomeRouter.swift */; };
		1340D027277303FD000104B0 /* AppHomeViewController.swift in Sources */ = {isa = PBXBuildFile; fileRef = 1340D023277303FD000104B0 /* AppHomeViewController.swift */; };
		1340D028277303FD000104B0 /* AppHomeBuilder.swift in Sources */ = {isa = PBXBuildFile; fileRef = 1340D024277303FD000104B0 /* AppHomeBuilder.swift */; };
		1340D029277303FD000104B0 /* AppHomeInteractor.swift in Sources */ = {isa = PBXBuildFile; fileRef = 1340D025277303FD000104B0 /* AppHomeInteractor.swift */; };
		1340D02B2773067E000104B0 /* NavigationControllable.swift in Sources */ = {isa = PBXBuildFile; fileRef = 1340D02A2773067E000104B0 /* NavigationControllable.swift */; };
		1340D02E27730A28000104B0 /* HomeWidgetView.swift in Sources */ = {isa = PBXBuildFile; fileRef = 1340D02D27730A28000104B0 /* HomeWidgetView.swift */; };
		1340D03127730A4E000104B0 /* HomeWidgetModel.swift in Sources */ = {isa = PBXBuildFile; fileRef = 1340D03027730A4E000104B0 /* HomeWidgetModel.swift */; };
/* End PBXBuildFile section */

/* Begin PBXFileReference section */
		1340CFF82772E01C000104B0 /* SuperApp.app */ = {isa = PBXFileReference; explicitFileType = wrapper.application; includeInIndex = 0; path = SuperApp.app; sourceTree = BUILT_PRODUCTS_DIR; };
		1340CFFB2772E01C000104B0 /* AppDelegate.swift */ = {isa = PBXFileReference; lastKnownFileType = sourcecode.swift; path = AppDelegate.swift; sourceTree = "<group>"; };
		1340D0042772E01E000104B0 /* Assets.xcassets */ = {isa = PBXFileReference; lastKnownFileType = folder.assetcatalog; path = Assets.xcassets; sourceTree = "<group>"; };
		1340D0072772E01E000104B0 /* Base */ = {isa = PBXFileReference; lastKnownFileType = file.storyboard; name = Base; path = Base.lproj/LaunchScreen.storyboard; sourceTree = "<group>"; };
		1340D0092772E01E000104B0 /* Info.plist */ = {isa = PBXFileReference; lastKnownFileType = text.plist.xml; path = Info.plist; sourceTree = "<group>"; };
		1340D0132772E905000104B0 /* AppComponent.swift */ = {isa = PBXFileReference; lastKnownFileType = sourcecode.swift; path = AppComponent.swift; sourceTree = "<group>"; };
		1340D0162772E994000104B0 /* AppRootRouter.swift */ = {isa = PBXFileReference; lastKnownFileType = sourcecode.swift; path = AppRootRouter.swift; sourceTree = "<group>"; };
		1340D0172772E994000104B0 /* AppRootBuilder.swift */ = {isa = PBXFileReference; lastKnownFileType = sourcecode.swift; path = AppRootBuilder.swift; sourceTree = "<group>"; };
		1340D0182772E994000104B0 /* AppRootInteractor.swift */ = {isa = PBXFileReference; lastKnownFileType = sourcecode.swift; path = AppRootInteractor.swift; sourceTree = "<group>"; };
		1340D01C2772EC1C000104B0 /* AppRootTabBarController.swift */ = {isa = PBXFileReference; lastKnownFileType = sourcecode.swift; path = AppRootTabBarController.swift; sourceTree = "<group>"; };
		1340D01F2772F20D000104B0 /* URLHandler.swift */ = {isa = PBXFileReference; lastKnownFileType = sourcecode.swift; path = URLHandler.swift; sourceTree = "<group>"; };
		1340D022277303FD000104B0 /* AppHomeRouter.swift */ = {isa = PBXFileReference; lastKnownFileType = sourcecode.swift; path = AppHomeRouter.swift; sourceTree = "<group>"; };
		1340D023277303FD000104B0 /* AppHomeViewController.swift */ = {isa = PBXFileReference; lastKnownFileType = sourcecode.swift; path = AppHomeViewController.swift; sourceTree = "<group>"; };
		1340D024277303FD000104B0 /* AppHomeBuilder.swift */ = {isa = PBXFileReference; lastKnownFileType = sourcecode.swift; path = AppHomeBuilder.swift; sourceTree = "<group>"; };
		1340D025277303FD000104B0 /* AppHomeInteractor.swift */ = {isa = PBXFileReference; lastKnownFileType = sourcecode.swift; path = AppHomeInteractor.swift; sourceTree = "<group>"; };
		1340D02A2773067E000104B0 /* NavigationControllable.swift */ = {isa = PBXFileReference; lastKnownFileType = sourcecode.swift; path = NavigationControllable.swift; sourceTree = "<group>"; };
		1340D02D27730A28000104B0 /* HomeWidgetView.swift */ = {isa = PBXFileReference; lastKnownFileType = sourcecode.swift; path = HomeWidgetView.swift; sourceTree = "<group>"; };
		1340D03027730A4E000104B0 /* HomeWidgetModel.swift */ = {isa = PBXFileReference; lastKnownFileType = sourcecode.swift; path = HomeWidgetModel.swift; sourceTree = "<group>"; };
/* End PBXFileReference section */

/* Begin PBXFrameworksBuildPhase section */
		1340CFF52772E01C000104B0 /* Frameworks */ = {
			isa = PBXFrameworksBuildPhase;
			buildActionMask = 2147483647;
			files = (
				1340D0112772E4C0000104B0 /* ModernRIBs in Frameworks */,
			);
			runOnlyForDeploymentPostprocessing = 0;
		};
/* End PBXFrameworksBuildPhase section */

/* Begin PBXGroup section */
		1340CFEF2772E01C000104B0 = {
			isa = PBXGroup;
			children = (
				1340CFFA2772E01C000104B0 /* SuperApp */,
				1340CFF92772E01C000104B0 /* Products */,
			);
			sourceTree = "<group>";
		};
		1340CFF92772E01C000104B0 /* Products */ = {
			isa = PBXGroup;
			children = (
				1340CFF82772E01C000104B0 /* SuperApp.app */,
			);
			name = Products;
			sourceTree = "<group>";
		};
		1340CFFA2772E01C000104B0 /* SuperApp */ = {
			isa = PBXGroup;
			children = (
				1340D0122772E8CA000104B0 /* AppDelegate */,
				1340D0152772E96A000104B0 /* AppRoot */,
				1340D021277303D1000104B0 /* AppHome */,
				1340D01E2772F1FC000104B0 /* Utils */,
				1340D0042772E01E000104B0 /* Assets.xcassets */,
				1340D0062772E01E000104B0 /* LaunchScreen.storyboard */,
				1340D0092772E01E000104B0 /* Info.plist */,
			);
			path = SuperApp;
			sourceTree = "<group>";
		};
		1340D0122772E8CA000104B0 /* AppDelegate */ = {
			isa = PBXGroup;
			children = (
				1340CFFB2772E01C000104B0 /* AppDelegate.swift */,
				1340D0132772E905000104B0 /* AppComponent.swift */,
			);
			path = AppDelegate;
			sourceTree = "<group>";
		};
		1340D0152772E96A000104B0 /* AppRoot */ = {
			isa = PBXGroup;
			children = (
				1340D0162772E994000104B0 /* AppRootRouter.swift */,
				1340D0172772E994000104B0 /* AppRootBuilder.swift */,
				1340D0182772E994000104B0 /* AppRootInteractor.swift */,
				1340D01C2772EC1C000104B0 /* AppRootTabBarController.swift */,
			);
			path = AppRoot;
			sourceTree = "<group>";
		};
		1340D01E2772F1FC000104B0 /* Utils */ = {
			isa = PBXGroup;
			children = (
				1340D01F2772F20D000104B0 /* URLHandler.swift */,
				1340D02A2773067E000104B0 /* NavigationControllable.swift */,
			);
			path = Utils;
			sourceTree = "<group>";
		};
		1340D021277303D1000104B0 /* AppHome */ = {
			isa = PBXGroup;
			children = (
				1340D022277303FD000104B0 /* AppHomeRouter.swift */,
				1340D023277303FD000104B0 /* AppHomeViewController.swift */,
				1340D024277303FD000104B0 /* AppHomeBuilder.swift */,
				1340D025277303FD000104B0 /* AppHomeInteractor.swift */,
				1340D02F27730A41000104B0 /* Models */,
				1340D02C27730A18000104B0 /* Views */,
			);
			path = AppHome;
			sourceTree = "<group>";
		};
		1340D02C27730A18000104B0 /* Views */ = {
			isa = PBXGroup;
			children = (
				1340D02D27730A28000104B0 /* HomeWidgetView.swift */,
			);
			path = Views;
			sourceTree = "<group>";
		};
		1340D02F27730A41000104B0 /* Models */ = {
			isa = PBXGroup;
			children = (
				1340D03027730A4E000104B0 /* HomeWidgetModel.swift */,
			);
			path = Models;
			sourceTree = "<group>";
		};
/* End PBXGroup section */

/* Begin PBXNativeTarget section */
		1340CFF72772E01C000104B0 /* SuperApp */ = {
			isa = PBXNativeTarget;
			buildConfigurationList = 1340D00C2772E01E000104B0 /* Build configuration list for PBXNativeTarget "SuperApp" */;
			buildPhases = (
				1340CFF42772E01C000104B0 /* Sources */,
				1340CFF52772E01C000104B0 /* Frameworks */,
				1340CFF62772E01C000104B0 /* Resources */,
			);
			buildRules = (
			);
			dependencies = (
			);
			name = SuperApp;
			packageProductDependencies = (
				1340D0102772E4C0000104B0 /* ModernRIBs */,
			);
			productName = SuperApp;
			productReference = 1340CFF82772E01C000104B0 /* SuperApp.app */;
			productType = "com.apple.product-type.application";
		};
/* End PBXNativeTarget section */

/* Begin PBXProject section */
		1340CFF02772E01C000104B0 /* Project object */ = {
			isa = PBXProject;
			attributes = {
				BuildIndependentTargetsInParallel = 1;
				LastSwiftUpdateCheck = 1320;
				LastUpgradeCheck = 1320;
				TargetAttributes = {
					1340CFF72772E01C000104B0 = {
						CreatedOnToolsVersion = 13.2.1;
					};
				};
			};
			buildConfigurationList = 1340CFF32772E01C000104B0 /* Build configuration list for PBXProject "SuperApp" */;
			compatibilityVersion = "Xcode 13.0";
			developmentRegion = en;
			hasScannedForEncodings = 0;
			knownRegions = (
				en,
				Base,
			);
			mainGroup = 1340CFEF2772E01C000104B0;
			packageReferences = (
				1340D00F2772E4C0000104B0 /* XCRemoteSwiftPackageReference "ModernRIBs" */,
			);
			productRefGroup = 1340CFF92772E01C000104B0 /* Products */;
			projectDirPath = "";
			projectRoot = "";
			targets = (
				1340CFF72772E01C000104B0 /* SuperApp */,
			);
		};
/* End PBXProject section */

/* Begin PBXResourcesBuildPhase section */
		1340CFF62772E01C000104B0 /* Resources */ = {
			isa = PBXResourcesBuildPhase;
			buildActionMask = 2147483647;
			files = (
				1340D0082772E01E000104B0 /* LaunchScreen.storyboard in Resources */,
				1340D0052772E01E000104B0 /* Assets.xcassets in Resources */,
			);
			runOnlyForDeploymentPostprocessing = 0;
		};
/* End PBXResourcesBuildPhase section */

/* Begin PBXSourcesBuildPhase section */
		1340CFF42772E01C000104B0 /* Sources */ = {
			isa = PBXSourcesBuildPhase;
			buildActionMask = 2147483647;
			files = (
				1340D02B2773067E000104B0 /* NavigationControllable.swift in Sources */,
				1340D0202772F20D000104B0 /* URLHandler.swift in Sources */,
				1340D026277303FD000104B0 /* AppHomeRouter.swift in Sources */,
				1340D02E27730A28000104B0 /* HomeWidgetView.swift in Sources */,
				1340D027277303FD000104B0 /* AppHomeViewController.swift in Sources */,
				1340CFFC2772E01C000104B0 /* AppDelegate.swift in Sources */,
				1340D028277303FD000104B0 /* AppHomeBuilder.swift in Sources */,
				1340D0142772E905000104B0 /* AppComponent.swift in Sources */,
				1340D03127730A4E000104B0 /* HomeWidgetModel.swift in Sources */,
				1340D0192772E994000104B0 /* AppRootRouter.swift in Sources */,
				1340D01A2772E994000104B0 /* AppRootBuilder.swift in Sources */,
				1340D01B2772E994000104B0 /* AppRootInteractor.swift in Sources */,
				1340D029277303FD000104B0 /* AppHomeInteractor.swift in Sources */,
				1340D01D2772EC1C000104B0 /* AppRootTabBarController.swift in Sources */,
			);
			runOnlyForDeploymentPostprocessing = 0;
		};
/* End PBXSourcesBuildPhase section */

/* Begin PBXVariantGroup section */
		1340D0062772E01E000104B0 /* LaunchScreen.storyboard */ = {
			isa = PBXVariantGroup;
			children = (
				1340D0072772E01E000104B0 /* Base */,
			);
			name = LaunchScreen.storyboard;
			sourceTree = "<group>";
		};
/* End PBXVariantGroup section */

/* Begin XCBuildConfiguration section */
		1340D00A2772E01E000104B0 /* Debug */ = {
			isa = XCBuildConfiguration;
			buildSettings = {
				ALWAYS_SEARCH_USER_PATHS = NO;
				CLANG_ANALYZER_NONNULL = YES;
				CLANG_ANALYZER_NUMBER_OBJECT_CONVERSION = YES_AGGRESSIVE;
				CLANG_CXX_LANGUAGE_STANDARD = "gnu++17";
				CLANG_CXX_LIBRARY = "libc++";
				CLANG_ENABLE_MODULES = YES;
				CLANG_ENABLE_OBJC_ARC = YES;
				CLANG_ENABLE_OBJC_WEAK = YES;
				CLANG_WARN_BLOCK_CAPTURE_AUTORELEASING = YES;
				CLANG_WARN_BOOL_CONVERSION = YES;
				CLANG_WARN_COMMA = YES;
				CLANG_WARN_CONSTANT_CONVERSION = YES;
				CLANG_WARN_DEPRECATED_OBJC_IMPLEMENTATIONS = YES;
				CLANG_WARN_DIRECT_OBJC_ISA_USAGE = YES_ERROR;
				CLANG_WARN_DOCUMENTATION_COMMENTS = YES;
				CLANG_WARN_EMPTY_BODY = YES;
				CLANG_WARN_ENUM_CONVERSION = YES;
				CLANG_WARN_INFINITE_RECURSION = YES;
				CLANG_WARN_INT_CONVERSION = YES;
				CLANG_WARN_NON_LITERAL_NULL_CONVERSION = YES;
				CLANG_WARN_OBJC_IMPLICIT_RETAIN_SELF = YES;
				CLANG_WARN_OBJC_LITERAL_CONVERSION = YES;
				CLANG_WARN_OBJC_ROOT_CLASS = YES_ERROR;
				CLANG_WARN_QUOTED_INCLUDE_IN_FRAMEWORK_HEADER = YES;
				CLANG_WARN_RANGE_LOOP_ANALYSIS = YES;
				CLANG_WARN_STRICT_PROTOTYPES = YES;
				CLANG_WARN_SUSPICIOUS_MOVE = YES;
				CLANG_WARN_UNGUARDED_AVAILABILITY = YES_AGGRESSIVE;
				CLANG_WARN_UNREACHABLE_CODE = YES;
				CLANG_WARN__DUPLICATE_METHOD_MATCH = YES;
				COPY_PHASE_STRIP = NO;
				DEBUG_INFORMATION_FORMAT = dwarf;
				ENABLE_STRICT_OBJC_MSGSEND = YES;
				ENABLE_TESTABILITY = YES;
				GCC_C_LANGUAGE_STANDARD = gnu11;
				GCC_DYNAMIC_NO_PIC = NO;
				GCC_NO_COMMON_BLOCKS = YES;
				GCC_OPTIMIZATION_LEVEL = 0;
				GCC_PREPROCESSOR_DEFINITIONS = (
					"DEBUG=1",
					"$(inherited)",
				);
				GCC_WARN_64_TO_32_BIT_CONVERSION = YES;
				GCC_WARN_ABOUT_RETURN_TYPE = YES_ERROR;
				GCC_WARN_UNDECLARED_SELECTOR = YES;
				GCC_WARN_UNINITIALIZED_AUTOS = YES_AGGRESSIVE;
				GCC_WARN_UNUSED_FUNCTION = YES;
				GCC_WARN_UNUSED_VARIABLE = YES;
				IPHONEOS_DEPLOYMENT_TARGET = 15.2;
				MTL_ENABLE_DEBUG_INFO = INCLUDE_SOURCE;
				MTL_FAST_MATH = YES;
				ONLY_ACTIVE_ARCH = YES;
				SDKROOT = iphoneos;
				SWIFT_ACTIVE_COMPILATION_CONDITIONS = DEBUG;
				SWIFT_OPTIMIZATION_LEVEL = "-Onone";
			};
			name = Debug;
		};
		1340D00B2772E01E000104B0 /* Release */ = {
			isa = XCBuildConfiguration;
			buildSettings = {
				ALWAYS_SEARCH_USER_PATHS = NO;
				CLANG_ANALYZER_NONNULL = YES;
				CLANG_ANALYZER_NUMBER_OBJECT_CONVERSION = YES_AGGRESSIVE;
				CLANG_CXX_LANGUAGE_STANDARD = "gnu++17";
				CLANG_CXX_LIBRARY = "libc++";
				CLANG_ENABLE_MODULES = YES;
				CLANG_ENABLE_OBJC_ARC = YES;
				CLANG_ENABLE_OBJC_WEAK = YES;
				CLANG_WARN_BLOCK_CAPTURE_AUTORELEASING = YES;
				CLANG_WARN_BOOL_CONVERSION = YES;
				CLANG_WARN_COMMA = YES;
				CLANG_WARN_CONSTANT_CONVERSION = YES;
				CLANG_WARN_DEPRECATED_OBJC_IMPLEMENTATIONS = YES;
				CLANG_WARN_DIRECT_OBJC_ISA_USAGE = YES_ERROR;
				CLANG_WARN_DOCUMENTATION_COMMENTS = YES;
				CLANG_WARN_EMPTY_BODY = YES;
				CLANG_WARN_ENUM_CONVERSION = YES;
				CLANG_WARN_INFINITE_RECURSION = YES;
				CLANG_WARN_INT_CONVERSION = YES;
				CLANG_WARN_NON_LITERAL_NULL_CONVERSION = YES;
				CLANG_WARN_OBJC_IMPLICIT_RETAIN_SELF = YES;
				CLANG_WARN_OBJC_LITERAL_CONVERSION = YES;
				CLANG_WARN_OBJC_ROOT_CLASS = YES_ERROR;
				CLANG_WARN_QUOTED_INCLUDE_IN_FRAMEWORK_HEADER = YES;
				CLANG_WARN_RANGE_LOOP_ANALYSIS = YES;
				CLANG_WARN_STRICT_PROTOTYPES = YES;
				CLANG_WARN_SUSPICIOUS_MOVE = YES;
				CLANG_WARN_UNGUARDED_AVAILABILITY = YES_AGGRESSIVE;
				CLANG_WARN_UNREACHABLE_CODE = YES;
				CLANG_WARN__DUPLICATE_METHOD_MATCH = YES;
				COPY_PHASE_STRIP = NO;
				DEBUG_INFORMATION_FORMAT = "dwarf-with-dsym";
				ENABLE_NS_ASSERTIONS = NO;
				ENABLE_STRICT_OBJC_MSGSEND = YES;
				GCC_C_LANGUAGE_STANDARD = gnu11;
				GCC_NO_COMMON_BLOCKS = YES;
				GCC_WARN_64_TO_32_BIT_CONVERSION = YES;
				GCC_WARN_ABOUT_RETURN_TYPE = YES_ERROR;
				GCC_WARN_UNDECLARED_SELECTOR = YES;
				GCC_WARN_UNINITIALIZED_AUTOS = YES_AGGRESSIVE;
				GCC_WARN_UNUSED_FUNCTION = YES;
				GCC_WARN_UNUSED_VARIABLE = YES;
				IPHONEOS_DEPLOYMENT_TARGET = 15.2;
				MTL_ENABLE_DEBUG_INFO = NO;
				MTL_FAST_MATH = YES;
				SDKROOT = iphoneos;
				SWIFT_COMPILATION_MODE = wholemodule;
				SWIFT_OPTIMIZATION_LEVEL = "-O";
				VALIDATE_PRODUCT = YES;
			};
			name = Release;
		};
		1340D00D2772E01E000104B0 /* Debug */ = {
			isa = XCBuildConfiguration;
			buildSettings = {
				ASSETCATALOG_COMPILER_APPICON_NAME = AppIcon;
				ASSETCATALOG_COMPILER_GLOBAL_ACCENT_COLOR_NAME = AccentColor;
				CODE_SIGN_STYLE = Automatic;
				CURRENT_PROJECT_VERSION = 1;
				DEVELOPMENT_TEAM = 7Y3DL2X5B3;
				GENERATE_INFOPLIST_FILE = YES;
				INFOPLIST_FILE = SuperApp/Info.plist;
				INFOPLIST_KEY_UIApplicationSupportsIndirectInputEvents = YES;
				INFOPLIST_KEY_UILaunchStoryboardName = LaunchScreen;
				INFOPLIST_KEY_UIMainStoryboardFile = LaunchScreen;
				INFOPLIST_KEY_UISupportedInterfaceOrientations_iPad = "UIInterfaceOrientationPortrait UIInterfaceOrientationPortraitUpsideDown UIInterfaceOrientationLandscapeLeft UIInterfaceOrientationLandscapeRight";
				INFOPLIST_KEY_UISupportedInterfaceOrientations_iPhone = "UIInterfaceOrientationPortrait UIInterfaceOrientationLandscapeLeft UIInterfaceOrientationLandscapeRight";
				LD_RUNPATH_SEARCH_PATHS = (
					"$(inherited)",
					"@executable_path/Frameworks",
				);
				MARKETING_VERSION = 1.0;
				PRODUCT_BUNDLE_IDENTIFIER = com.yong.SuperApp;
				PRODUCT_NAME = "$(TARGET_NAME)";
				SWIFT_EMIT_LOC_STRINGS = YES;
				SWIFT_VERSION = 5.0;
				TARGETED_DEVICE_FAMILY = "1,2";
			};
			name = Debug;
		};
		1340D00E2772E01E000104B0 /* Release */ = {
			isa = XCBuildConfiguration;
			buildSettings = {
				ASSETCATALOG_COMPILER_APPICON_NAME = AppIcon;
				ASSETCATALOG_COMPILER_GLOBAL_ACCENT_COLOR_NAME = AccentColor;
				CODE_SIGN_STYLE = Automatic;
				CURRENT_PROJECT_VERSION = 1;
				DEVELOPMENT_TEAM = 7Y3DL2X5B3;
				GENERATE_INFOPLIST_FILE = YES;
				INFOPLIST_FILE = SuperApp/Info.plist;
				INFOPLIST_KEY_UIApplicationSupportsIndirectInputEvents = YES;
				INFOPLIST_KEY_UILaunchStoryboardName = LaunchScreen;
				INFOPLIST_KEY_UIMainStoryboardFile = LaunchScreen;
				INFOPLIST_KEY_UISupportedInterfaceOrientations_iPad = "UIInterfaceOrientationPortrait UIInterfaceOrientationPortraitUpsideDown UIInterfaceOrientationLandscapeLeft UIInterfaceOrientationLandscapeRight";
				INFOPLIST_KEY_UISupportedInterfaceOrientations_iPhone = "UIInterfaceOrientationPortrait UIInterfaceOrientationLandscapeLeft UIInterfaceOrientationLandscapeRight";
				LD_RUNPATH_SEARCH_PATHS = (
					"$(inherited)",
					"@executable_path/Frameworks",
				);
				MARKETING_VERSION = 1.0;
				PRODUCT_BUNDLE_IDENTIFIER = com.yong.SuperApp;
				PRODUCT_NAME = "$(TARGET_NAME)";
				SWIFT_EMIT_LOC_STRINGS = YES;
				SWIFT_VERSION = 5.0;
				TARGETED_DEVICE_FAMILY = "1,2";
			};
			name = Release;
		};
/* End XCBuildConfiguration section */

/* Begin XCConfigurationList section */
		1340CFF32772E01C000104B0 /* Build configuration list for PBXProject "SuperApp" */ = {
			isa = XCConfigurationList;
			buildConfigurations = (
				1340D00A2772E01E000104B0 /* Debug */,
				1340D00B2772E01E000104B0 /* Release */,
			);
			defaultConfigurationIsVisible = 0;
			defaultConfigurationName = Release;
		};
		1340D00C2772E01E000104B0 /* Build configuration list for PBXNativeTarget "SuperApp" */ = {
			isa = XCConfigurationList;
			buildConfigurations = (
				1340D00D2772E01E000104B0 /* Debug */,
				1340D00E2772E01E000104B0 /* Release */,
			);
			defaultConfigurationIsVisible = 0;
			defaultConfigurationName = Release;
		};
/* End XCConfigurationList section */

/* Begin XCRemoteSwiftPackageReference section */
		1340D00F2772E4C0000104B0 /* XCRemoteSwiftPackageReference "ModernRIBs" */ = {
			isa = XCRemoteSwiftPackageReference;
			repositoryURL = "https://github.com/DevYeom/ModernRIBs";
			requirement = {
				kind = upToNextMajorVersion;
				minimumVersion = 1.0.0;
			};
		};
/* End XCRemoteSwiftPackageReference section */

/* Begin XCSwiftPackageProductDependency section */
		1340D0102772E4C0000104B0 /* ModernRIBs */ = {
			isa = XCSwiftPackageProductDependency;
			package = 1340D00F2772E4C0000104B0 /* XCRemoteSwiftPackageReference "ModernRIBs" */;
			productName = ModernRIBs;
		};
/* End XCSwiftPackageProductDependency section */
	};
	rootObject = 1340CFF02772E01C000104B0 /* Project object */;
}
