{
  "object": {
    "pins": [
      {
        "package": "combine-schedulers",
        "repositoryURL": "https://github.com/pointfreeco/combine-schedulers",
        "state": {
          "branch": null,
          "revision": "4cf088c29a20f52be0f2ca54992b492c54e0076b",
          "version": "0.5.3"
        }
      },
      {
        "package": "CombineExt",
        "repositoryURL": "https://github.com/CombineCommunity/CombineExt",
        "state": {
          "branch": null,
          "revision": "8ca006df5e3cc6bb176b70238e2b0014bbc3a235",
          "version": "1.0.0"
        }
      },
      {
        "package": "ModernRIBs",
        "repositoryURL": "https://github.com/DevYeom/ModernRIBs",
        "state": {
          "branch": null,
          "revision": "5e0a67365a1fb18ca06b919dbf53608843ddc284",
          "version": "1.0.1"
        }
      },
      {
        "package": "xctest-dynamic-overlay",
        "repositoryURL": "https://github.com/pointfreeco/xctest-dynamic-overlay",
        "state": {
          "branch": null,
          "revision": "50a70a9d3583fe228ce672e8923010c8df2deddd",
          "version": "0.2.1"
        }
      }
    ]
  },
  "version": 1
}
